
Microsoft Visual Studio Solution File, Format Version 12.00
# Visual Studio Version 17
VisualStudioVersion = 17.4.33122.133
MinimumVisualStudioVersion = 10.0.40219.1
Project("{FAE04EC0-301F-11D3-BF4B-00C04F79EFBC}") = "Linq-csharp", "Linq-csharp\Linq-csharp.csproj", "{D3552604-E819-4CC4-84E3-D0F7EBECB0AE}"
EndProject
Global
	GlobalSection(SolutionConfigurationPlatforms) = preSolution
		Debug|Any CPU = Debug|Any CPU
		Release|Any CPU = Release|Any CPU
	EndGlobalSection
	GlobalSection(ProjectConfigurationPlatforms) = postSolution
		{D3552604-E819-4CC4-84E3-D0F7EBECB0AE}.Debug|Any CPU.ActiveCfg = Debug|Any CPU
		{D3552604-E819-4CC4-84E3-D0F7EBECB0AE}.Debug|Any CPU.Build.0 = Debug|Any CPU
		{D3552604-E819-4CC4-84E3-D0F7EBECB0AE}.Release|Any CPU.ActiveCfg = Release|Any CPU
		{D3552604-E819-4CC4-84E3-D0F7EBECB0AE}.Release|Any CPU.Build.0 = Release|Any CPU
	EndGlobalSection
	GlobalSection(SolutionProperties) = preSolution
		HideSolutionNode = FALSE
	EndGlobalSection
	GlobalSection(ExtensibilityGlobals) = postSolution
		SolutionGuid = {7E50AB2E-1A62-471A-9C4D-B4F476AB4EC9}
	EndGlobalSection
EndGlobal
